// !$*UTF8*$!
{
	archiveVersion = 1;
	classes = {
	};
	objectVersion = 50;
	objects = {

/* Begin PBXBuildFile section */
		AE38CEE42887091D00669B58 /* AppDelegate.swift in Sources */ = {isa = PBXBuildFile; fileRef = AE38CEE32887091D00669B58 /* AppDelegate.swift */; };
		AE38CEE62887091D00669B58 /* SceneDelegate.swift in Sources */ = {isa = PBXBuildFile; fileRef = AE38CEE52887091D00669B58 /* SceneDelegate.swift */; };
		AE38CEEB2887091D00669B58 /* Main.storyboard in Resources */ = {isa = PBXBuildFile; fileRef = AE38CEE92887091D00669B58 /* Main.storyboard */; };
		AE38CEED2887091E00669B58 /* Assets.xcassets in Resources */ = {isa = PBXBuildFile; fileRef = AE38CEEC2887091E00669B58 /* Assets.xcassets */; };
		AE38CEF02887091E00669B58 /* LaunchScreen.storyboard in Resources */ = {isa = PBXBuildFile; fileRef = AE38CEEE2887091E00669B58 /* LaunchScreen.storyboard */; };
		AE38CEF92887335400669B58 /* ImageViewController.swift in Sources */ = {isa = PBXBuildFile; fileRef = AE38CEF82887335400669B58 /* ImageViewController.swift */; };
		AE5305C6288C6BDA00AC30A9 /* ViewController.swift in Sources */ = {isa = PBXBuildFile; fileRef = AE5305C5288C6BDA00AC30A9 /* ViewController.swift */; };
		AEA914E0288F0A6400D24654 /* CoursesViewController.swift in Sources */ = {isa = PBXBuildFile; fileRef = AEA914DF288F0A6400D24654 /* CoursesViewController.swift */; };
		AEA914E3288F1D0400D24654 /* WebViewController.swift in Sources */ = {isa = PBXBuildFile; fileRef = AEA914E2288F1D0400D24654 /* WebViewController.swift */; };
/* End PBXBuildFile section */

/* Begin PBXFileReference section */
		AE38CEE02887091D00669B58 /* URLSession2.app */ = {isa = PBXFileReference; explicitFileType = wrapper.application; includeInIndex = 0; path = URLSession2.app; sourceTree = BUILT_PRODUCTS_DIR; };
		AE38CEE32887091D00669B58 /* AppDelegate.swift */ = {isa = PBXFileReference; lastKnownFileType = sourcecode.swift; path = AppDelegate.swift; sourceTree = "<group>"; };
		AE38CEE52887091D00669B58 /* SceneDelegate.swift */ = {isa = PBXFileReference; lastKnownFileType = sourcecode.swift; path = SceneDelegate.swift; sourceTree = "<group>"; };
		AE38CEEA2887091D00669B58 /* Base */ = {isa = PBXFileReference; lastKnownFileType = file.storyboard; name = Base; path = Base.lproj/Main.storyboard; sourceTree = "<group>"; };
		AE38CEEC2887091E00669B58 /* Assets.xcassets */ = {isa = PBXFileReference; lastKnownFileType = folder.assetcatalog; path = Assets.xcassets; sourceTree = "<group>"; };
		AE38CEEF2887091E00669B58 /* Base */ = {isa = PBXFileReference; lastKnownFileType = file.storyboard; name = Base; path = Base.lproj/LaunchScreen.storyboard; sourceTree = "<group>"; };
		AE38CEF12887091E00669B58 /* Info.plist */ = {isa = PBXFileReference; lastKnownFileType = text.plist.xml; path = Info.plist; sourceTree = "<group>"; };
		AE38CEF82887335400669B58 /* ImageViewController.swift */ = {isa = PBXFileReference; lastKnownFileType = sourcecode.swift; path = ImageViewController.swift; sourceTree = "<group>"; };
		AE5305C5288C6BDA00AC30A9 /* ViewController.swift */ = {isa = PBXFileReference; lastKnownFileType = sourcecode.swift; path = ViewController.swift; sourceTree = "<group>"; };
		AEA914DF288F0A6400D24654 /* CoursesViewController.swift */ = {isa = PBXFileReference; lastKnownFileType = sourcecode.swift; path = CoursesViewController.swift; sourceTree = "<group>"; };
		AEA914E2288F1D0400D24654 /* WebViewController.swift */ = {isa = PBXFileReference; lastKnownFileType = sourcecode.swift; path = WebViewController.swift; sourceTree = "<group>"; };
/* End PBXFileReference section */

/* Begin PBXFrameworksBuildPhase section */
		AE38CEDD2887091D00669B58 /* Frameworks */ = {
			isa = PBXFrameworksBuildPhase;
			buildActionMask = 2147483647;
			files = (
			);
			runOnlyForDeploymentPostprocessing = 0;
		};
/* End PBXFrameworksBuildPhase section */

/* Begin PBXGroup section */
		AE38CED72887091D00669B58 = {
			isa = PBXGroup;
			children = (
				AE38CEE22887091D00669B58 /* URLSession2 */,
				AE38CEE12887091D00669B58 /* Products */,
			);
			sourceTree = "<group>";
		};
		AE38CEE12887091D00669B58 /* Products */ = {
			isa = PBXGroup;
			children = (
				AE38CEE02887091D00669B58 /* URLSession2.app */,
			);
			name = Products;
			sourceTree = "<group>";
		};
		AE38CEE22887091D00669B58 /* URLSession2 */ = {
			isa = PBXGroup;
			children = (
				AE38CEE32887091D00669B58 /* AppDelegate.swift */,
				AE38CEE52887091D00669B58 /* SceneDelegate.swift */,
				AE38CEF82887335400669B58 /* ImageViewController.swift */,
				AE38CEE92887091D00669B58 /* Main.storyboard */,
				AEA914E2288F1D0400D24654 /* WebViewController.swift */,
				AEA914DF288F0A6400D24654 /* CoursesViewController.swift */,
				AE5305C5288C6BDA00AC30A9 /* ViewController.swift */,
				AE38CEEC2887091E00669B58 /* Assets.xcassets */,
				AE38CEEE2887091E00669B58 /* LaunchScreen.storyboard */,
				AE38CEF12887091E00669B58 /* Info.plist */,
			);
			path = URLSession2;
			sourceTree = "<group>";
		};
/* End PBXGroup section */

/* Begin PBXNativeTarget section */
		AE38CEDF2887091D00669B58 /* URLSession2 */ = {
			isa = PBXNativeTarget;
			buildConfigurationList = AE38CEF42887091E00669B58 /* Build configuration list for PBXNativeTarget "URLSession2" */;
			buildPhases = (
				AE38CEDC2887091D00669B58 /* Sources */,
				AE38CEDD2887091D00669B58 /* Frameworks */,
				AE38CEDE2887091D00669B58 /* Resources */,
			);
			buildRules = (
			);
			dependencies = (
			);
			name = URLSession2;
			productName = URLSession2;
			productReference = AE38CEE02887091D00669B58 /* URLSession2.app */;
			productType = "com.apple.product-type.application";
		};
/* End PBXNativeTarget section */

/* Begin PBXProject section */
		AE38CED82887091D00669B58 /* Project object */ = {
			isa = PBXProject;
			attributes = {
				LastSwiftUpdateCheck = 1240;
				LastUpgradeCheck = 1240;
				TargetAttributes = {
					AE38CEDF2887091D00669B58 = {
						CreatedOnToolsVersion = 12.4;
					};
				};
			};
			buildConfigurationList = AE38CEDB2887091D00669B58 /* Build configuration list for PBXProject "URLSession2" */;
			compatibilityVersion = "Xcode 9.3";
			developmentRegion = en;
			hasScannedForEncodings = 0;
			knownRegions = (
				en,
				Base,
			);
			mainGroup = AE38CED72887091D00669B58;
			productRefGroup = AE38CEE12887091D00669B58 /* Products */;
			projectDirPath = "";
			projectRoot = "";
			targets = (
				AE38CEDF2887091D00669B58 /* URLSession2 */,
			);
		};
/* End PBXProject section */

/* Begin PBXResourcesBuildPhase section */
		AE38CEDE2887091D00669B58 /* Resources */ = {
			isa = PBXResourcesBuildPhase;
			buildActionMask = 2147483647;
			files = (
				AE38CEF02887091E00669B58 /* LaunchScreen.storyboard in Resources */,
				AE38CEED2887091E00669B58 /* Assets.xcassets in Resources */,
				AE38CEEB2887091D00669B58 /* Main.storyboard in Resources */,
			);
			runOnlyForDeploymentPostprocessing = 0;
		};
/* End PBXResourcesBuildPhase section */

/* Begin PBXSourcesBuildPhase section */
		AE38CEDC2887091D00669B58 /* Sources */ = {
			isa = PBXSourcesBuildPhase;
			buildActionMask = 2147483647;
			files = (
				AE38CEE42887091D00669B58 /* AppDelegate.swift in Sources */,
				AEA914E3288F1D0400D24654 /* WebViewController.swift in Sources */,
				AE38CEF92887335400669B58 /* ImageViewController.swift in Sources */,
				AE5305C6288C6BDA00AC30A9 /* ViewController.swift in Sources */,
				AE38CEE62887091D00669B58 /* SceneDelegate.swift in Sources */,
				AEA914E0288F0A6400D24654 /* CoursesViewController.swift in Sources */,
			);
			runOnlyForDeploymentPostprocessing = 0;
		};
/* End PBXSourcesBuildPhase section */

/* Begin PBXVariantGroup section */
		AE38CEE92887091D00669B58 /* Main.storyboard */ = {
			isa = PBXVariantGroup;
			children = (
				AE38CEEA2887091D00669B58 /* Base */,
			);
			name = Main.storyboard;
			sourceTree = "<group>";
		};
		AE38CEEE2887091E00669B58 /* LaunchScreen.storyboard */ = {
			isa = PBXVariantGroup;
			children = (
				AE38CEEF2887091E00669B58 /* Base */,
			);
			name = LaunchScreen.storyboard;
			sourceTree = "<group>";
		};
/* End PBXVariantGroup section */

/* Begin XCBuildConfiguration section */
		AE38CEF22887091E00669B58 /* Debug */ = {
			isa = XCBuildConfiguration;
			buildSettings = {
				ALWAYS_SEARCH_USER_PATHS = NO;
				CLANG_ANALYZER_NONNULL = YES;
				CLANG_ANALYZER_NUMBER_OBJECT_CONVERSION = YES_AGGRESSIVE;
				CLANG_CXX_LANGUAGE_STANDARD = "gnu++14";
				CLANG_CXX_LIBRARY = "libc++";
				CLANG_ENABLE_MODULES = YES;
				CLANG_ENABLE_OBJC_ARC = YES;
				CLANG_ENABLE_OBJC_WEAK = YES;
				CLANG_WARN_BLOCK_CAPTURE_AUTORELEASING = YES;
				CLANG_WARN_BOOL_CONVERSION = YES;
				CLANG_WARN_COMMA = YES;
				CLANG_WARN_CONSTANT_CONVERSION = YES;
				CLANG_WARN_DEPRECATED_OBJC_IMPLEMENTATIONS = YES;
				CLANG_WARN_DIRECT_OBJC_ISA_USAGE = YES_ERROR;
				CLANG_WARN_DOCUMENTATION_COMMENTS = YES;
				CLANG_WARN_EMPTY_BODY = YES;
				CLANG_WARN_ENUM_CONVERSION = YES;
				CLANG_WARN_INFINITE_RECURSION = YES;
				CLANG_WARN_INT_CONVERSION = YES;
				CLANG_WARN_NON_LITERAL_NULL_CONVERSION = YES;
				CLANG_WARN_OBJC_IMPLICIT_RETAIN_SELF = YES;
				CLANG_WARN_OBJC_LITERAL_CONVERSION = YES;
				CLANG_WARN_OBJC_ROOT_CLASS = YES_ERROR;
				CLANG_WARN_QUOTED_INCLUDE_IN_FRAMEWORK_HEADER = YES;
				CLANG_WARN_RANGE_LOOP_ANALYSIS = YES;
				CLANG_WARN_STRICT_PROTOTYPES = YES;
				CLANG_WARN_SUSPICIOUS_MOVE = YES;
				CLANG_WARN_UNGUARDED_AVAILABILITY = YES_AGGRESSIVE;
				CLANG_WARN_UNREACHABLE_CODE = YES;
				CLANG_WARN__DUPLICATE_METHOD_MATCH = YES;
				COPY_PHASE_STRIP = NO;
				DEBUG_INFORMATION_FORMAT = dwarf;
				ENABLE_STRICT_OBJC_MSGSEND = YES;
				ENABLE_TESTABILITY = YES;
				GCC_C_LANGUAGE_STANDARD = gnu11;
				GCC_DYNAMIC_NO_PIC = NO;
				GCC_NO_COMMON_BLOCKS = YES;
				GCC_OPTIMIZATION_LEVEL = 0;
				GCC_PREPROCESSOR_DEFINITIONS = (
					"DEBUG=1",
					"$(inherited)",
				);
				GCC_WARN_64_TO_32_BIT_CONVERSION = YES;
				GCC_WARN_ABOUT_RETURN_TYPE = YES_ERROR;
				GCC_WARN_UNDECLARED_SELECTOR = YES;
				GCC_WARN_UNINITIALIZED_AUTOS = YES_AGGRESSIVE;
				GCC_WARN_UNUSED_FUNCTION = YES;
				GCC_WARN_UNUSED_VARIABLE = YES;
				IPHONEOS_DEPLOYMENT_TARGET = 14.4;
				MTL_ENABLE_DEBUG_INFO = INCLUDE_SOURCE;
				MTL_FAST_MATH = YES;
				ONLY_ACTIVE_ARCH = YES;
				SDKROOT = iphoneos;
				SWIFT_ACTIVE_COMPILATION_CONDITIONS = DEBUG;
				SWIFT_OPTIMIZATION_LEVEL = "-Onone";
			};
			name = Debug;
		};
		AE38CEF32887091E00669B58 /* Release */ = {
			isa = XCBuildConfiguration;
			buildSettings = {
				ALWAYS_SEARCH_USER_PATHS = NO;
				CLANG_ANALYZER_NONNULL = YES;
				CLANG_ANALYZER_NUMBER_OBJECT_CONVERSION = YES_AGGRESSIVE;
				CLANG_CXX_LANGUAGE_STANDARD = "gnu++14";
				CLANG_CXX_LIBRARY = "libc++";
				CLANG_ENABLE_MODULES = YES;
				CLANG_ENABLE_OBJC_ARC = YES;
				CLANG_ENABLE_OBJC_WEAK = YES;
				CLANG_WARN_BLOCK_CAPTURE_AUTORELEASING = YES;
				CLANG_WARN_BOOL_CONVERSION = YES;
				CLANG_WARN_COMMA = YES;
				CLANG_WARN_CONSTANT_CONVERSION = YES;
				CLANG_WARN_DEPRECATED_OBJC_IMPLEMENTATIONS = YES;
				CLANG_WARN_DIRECT_OBJC_ISA_USAGE = YES_ERROR;
				CLANG_WARN_DOCUMENTATION_COMMENTS = YES;
				CLANG_WARN_EMPTY_BODY = YES;
				CLANG_WARN_ENUM_CONVERSION = YES;
				CLANG_WARN_INFINITE_RECURSION = YES;
				CLANG_WARN_INT_CONVERSION = YES;
				CLANG_WARN_NON_LITERAL_NULL_CONVERSION = YES;
				CLANG_WARN_OBJC_IMPLICIT_RETAIN_SELF = YES;
				CLANG_WARN_OBJC_LITERAL_CONVERSION = YES;
				CLANG_WARN_OBJC_ROOT_CLASS = YES_ERROR;
				CLANG_WARN_QUOTED_INCLUDE_IN_FRAMEWORK_HEADER = YES;
				CLANG_WARN_RANGE_LOOP_ANALYSIS = YES;
				CLANG_WARN_STRICT_PROTOTYPES = YES;
				CLANG_WARN_SUSPICIOUS_MOVE = YES;
				CLANG_WARN_UNGUARDED_AVAILABILITY = YES_AGGRESSIVE;
				CLANG_WARN_UNREACHABLE_CODE = YES;
				CLANG_WARN__DUPLICATE_METHOD_MATCH = YES;
				COPY_PHASE_STRIP = NO;
				DEBUG_INFORMATION_FORMAT = "dwarf-with-dsym";
				ENABLE_NS_ASSERTIONS = NO;
				ENABLE_STRICT_OBJC_MSGSEND = YES;
				GCC_C_LANGUAGE_STANDARD = gnu11;
				GCC_NO_COMMON_BLOCKS = YES;
				GCC_WARN_64_TO_32_BIT_CONVERSION = YES;
				GCC_WARN_ABOUT_RETURN_TYPE = YES_ERROR;
				GCC_WARN_UNDECLARED_SELECTOR = YES;
				GCC_WARN_UNINITIALIZED_AUTOS = YES_AGGRESSIVE;
				GCC_WARN_UNUSED_FUNCTION = YES;
				GCC_WARN_UNUSED_VARIABLE = YES;
				IPHONEOS_DEPLOYMENT_TARGET = 14.4;
				MTL_ENABLE_DEBUG_INFO = NO;
				MTL_FAST_MATH = YES;
				SDKROOT = iphoneos;
				SWIFT_COMPILATION_MODE = wholemodule;
				SWIFT_OPTIMIZATION_LEVEL = "-O";
				VALIDATE_PRODUCT = YES;
			};
			name = Release;
		};
		AE38CEF52887091E00669B58 /* Debug */ = {
			isa = XCBuildConfiguration;
			buildSettings = {
				ASSETCATALOG_COMPILER_APPICON_NAME = AppIcon;
				ASSETCATALOG_COMPILER_GLOBAL_ACCENT_COLOR_NAME = AccentColor;
				CODE_SIGN_STYLE = Automatic;
				DEVELOPMENT_TEAM = CB3D8KZT9V;
				INFOPLIST_FILE = URLSession2/Info.plist;
				LD_RUNPATH_SEARCH_PATHS = (
					"$(inherited)",
					"@executable_path/Frameworks",
				);
				PRODUCT_BUNDLE_IDENTIFIER = "ru.thoughts-oleg89.URLSession2";
				PRODUCT_NAME = "$(TARGET_NAME)";
				SWIFT_VERSION = 5.0;
				TARGETED_DEVICE_FAMILY = "1,2";
			};
			name = Debug;
		};
		AE38CEF62887091E00669B58 /* Release */ = {
			isa = XCBuildConfiguration;
			buildSettings = {
				ASSETCATALOG_COMPILER_APPICON_NAME = AppIcon;
				ASSETCATALOG_COMPILER_GLOBAL_ACCENT_COLOR_NAME = AccentColor;
				CODE_SIGN_STYLE = Automatic;
				DEVELOPMENT_TEAM = CB3D8KZT9V;
				INFOPLIST_FILE = URLSession2/Info.plist;
				LD_RUNPATH_SEARCH_PATHS = (
					"$(inherited)",
					"@executable_path/Frameworks",
				);
				PRODUCT_BUNDLE_IDENTIFIER = "ru.thoughts-oleg89.URLSession2";
				PRODUCT_NAME = "$(TARGET_NAME)";
				SWIFT_VERSION = 5.0;
				TARGETED_DEVICE_FAMILY = "1,2";
			};
			name = Release;
		};
/* End XCBuildConfiguration section */

/* Begin XCConfigurationList section */
		AE38CEDB2887091D00669B58 /* Build configuration list for PBXProject "URLSession2" */ = {
			isa = XCConfigurationList;
			buildConfigurations = (
				AE38CEF22887091E00669B58 /* Debug */,
				AE38CEF32887091E00669B58 /* Release */,
			);
			defaultConfigurationIsVisible = 0;
			defaultConfigurationName = Release;
		};
		AE38CEF42887091E00669B58 /* Build configuration list for PBXNativeTarget "URLSession2" */ = {
			isa = XCConfigurationList;
			buildConfigurations = (
				AE38CEF52887091E00669B58 /* Debug */,
				AE38CEF62887091E00669B58 /* Release */,
			);
			defaultConfigurationIsVisible = 0;
			defaultConfigurationName = Release;
		};
/* End XCConfigurationList section */
	};
	rootObject = AE38CED82887091D00669B58 /* Project object */;
}
